<?xml version="1.0" encoding="UTF-8" standalone="yes" ?>
<CodeBlocks_project_file>
	<FileVersion major="1" minor="6" />
	<Project>
		<Option title="UPM" />
		<Option pch_mode="2" />
		<Option compiler="gcc" />
		<Build>
			<Target title="Debug">
				<Option output="bin/Debug/UPM" prefix_auto="1" extension_auto="1" />
				<Option object_output="obj/Debug/" />
				<Option type="1" />
				<Option compiler="gcc" />
				<Compiler>
					<Add option="-g" />
					<Add directory="include" />
					<Add directory="src" />
					<Add directory="src/eval" />
				</Compiler>
			</Target>
			<Target title="Release">
				<Option output="bin/Release/UPM" prefix_auto="1" extension_auto="1" />
				<Option object_output="obj/Release/" />
				<Option type="1" />
				<Option compiler="gcc" />
				<Option projectLinkerOptionsRelation="0" />
				<Option projectIncludeDirsRelation="0" />
				<Option projectResourceIncludeDirsRelation="0" />
				<Option projectLibDirsRelation="0" />
				<Compiler>
					<Add option="-O3" />
					<Add directory="include" />
					<Add directory="src" />
					<Add directory="src/eval" />
				</Compiler>
				<MakeCommands>
					<Build command="" />
					<CompileFile command="" />
					<Clean command="" />
					<DistClean command="" />
					<AskRebuildNeeded command="" />
					<SilentBuild command=" &gt; $(CMD_NULL)" />
				</MakeCommands>
			</Target>
		</Build>
		<Compiler>
			<Add option="-Wall" />
		</Compiler>
		<Unit filename="main.cpp" />
		<Unit filename="src/Cluster.cpp">
			<Option target="&lt;{~None~}&gt;" />
		</Unit>
		<Unit filename="src/Cluster.h">
			<Option target="&lt;{~None~}&gt;" />
		</Unit>
		<Unit filename="src/Combination.cpp">
			<Option target="&lt;{~None~}&gt;" />
		</Unit>
		<Unit filename="src/Combination.h">
			<Option target="&lt;{~None~}&gt;" />
		</Unit>
		<Unit filename="src/CombinationsLexicon.cpp">
			<Option target="&lt;{~None~}&gt;" />
		</Unit>
		<Unit filename="src/CombinationsLexicon.h">
			<Option target="&lt;{~None~}&gt;" />
		</Unit>
		<Unit filename="src/ForwardIndex.cpp">
			<Option target="&lt;{~None~}&gt;" />
		</Unit>
		<Unit filename="src/ForwardIndex.h">
			<Option target="&lt;{~None~}&gt;" />
		</Unit>
		<Unit filename="src/Product.cpp">
			<Option target="&lt;{~None~}&gt;" />
		</Unit>
		<Unit filename="src/Product.h">
			<Option target="&lt;{~None~}&gt;" />
		</Unit>
		<Unit filename="src/ProductsClusters.cpp">
			<Option target="&lt;{~None~}&gt;" />
		</Unit>
		<Unit filename="src/ProductsClusters.h">
			<Option target="&lt;{~None~}&gt;" />
		</Unit>
		<Unit filename="src/Statistics.cpp">
			<Option target="&lt;{~None~}&gt;" />
		</Unit>
		<Unit filename="src/Statistics.h">
			<Option target="&lt;{~None~}&gt;" />
		</Unit>
		<Unit filename="src/Token.cpp">
			<Option target="&lt;{~None~}&gt;" />
		</Unit>
		<Unit filename="src/Token.h">
			<Option target="&lt;{~None~}&gt;" />
		</Unit>
		<Unit filename="src/TokensLexicon.cpp">
			<Option target="&lt;{~None~}&gt;" />
		</Unit>
		<Unit filename="src/TokensLexicon.h">
			<Option target="&lt;{~None~}&gt;" />
		</Unit>
		<Unit filename="src/Vendor.cpp">
			<Option target="&lt;{~None~}&gt;" />
		</Unit>
		<Unit filename="src/Vendor.h">
			<Option target="&lt;{~None~}&gt;" />
		</Unit>
		<Unit filename="src/eval/ClustersSimilarity.cpp">
			<Option target="&lt;{~None~}&gt;" />
		</Unit>
		<Unit filename="src/eval/ClustersSimilarity.h">
			<Option target="&lt;{~None~}&gt;" />
		</Unit>
		<Unit filename="src/eval/Entities.cpp">
			<Option target="&lt;{~None~}&gt;" />
		</Unit>
		<Unit filename="src/eval/Entities.h">
			<Option target="&lt;{~None~}&gt;" />
		</Unit>
		<Unit filename="src/eval/EntitiesCluster.cpp">
			<Option target="&lt;{~None~}&gt;" />
		</Unit>
		<Unit filename="src/eval/EntitiesCluster.h">
			<Option target="&lt;{~None~}&gt;" />
		</Unit>
		<Unit filename="src/eval/Entity.cpp">
			<Option target="&lt;{~None~}&gt;" />
		</Unit>
		<Unit filename="src/eval/Entity.h">
			<Option target="&lt;{~None~}&gt;" />
		</Unit>
		<Unit filename="src/eval/EntityVendor.cpp">
			<Option target="&lt;{~None~}&gt;" />
		</Unit>
		<Unit filename="src/eval/EntityVendor.h">
			<Option target="&lt;{~None~}&gt;" />
		</Unit>
		<Unit filename="src/eval/Evaluation.cpp">
			<Option target="&lt;{~None~}&gt;" />
		</Unit>
		<Unit filename="src/eval/Heap.cpp">
			<Option target="&lt;{~None~}&gt;" />
		</Unit>
		<Unit filename="src/eval/Heap.h">
			<Option target="&lt;{~None~}&gt;" />
		</Unit>
		<Extensions>
			<code_completion />
			<envvars />
			<debugger />
			<lib_finder disable_auto="1" />
		</Extensions>
	</Project>
</CodeBlocks_project_file>
